// !$*UTF8*$!
{
	archiveVersion = 1;
	classes = {
	};
	objectVersion = 46;
	objects = {

/* Begin PBXBuildFile section */
		2C03BD811F1FD66A00288C8E /* main.m in Sources */ = {isa = PBXBuildFile; fileRef = 2C03BD801F1FD66A00288C8E /* main.m */; };
		2C03BD841F1FD66A00288C8E /* AppDelegate.m in Sources */ = {isa = PBXBuildFile; fileRef = 2C03BD831F1FD66A00288C8E /* AppDelegate.m */; };
		2C03BD871F1FD66A00288C8E /* ViewController.m in Sources */ = {isa = PBXBuildFile; fileRef = 2C03BD861F1FD66A00288C8E /* ViewController.m */; };
		2C03BD8A1F1FD66A00288C8E /* Main.storyboard in Resources */ = {isa = PBXBuildFile; fileRef = 2C03BD881F1FD66A00288C8E /* Main.storyboard */; };
		2C03BD8D1F1FD66A00288C8E /* MoneyManage.xcdatamodeld in Sources */ = {isa = PBXBuildFile; fileRef = 2C03BD8B1F1FD66A00288C8E /* MoneyManage.xcdatamodeld */; };
		2C03BD8F1F1FD66A00288C8E /* Assets.xcassets in Resources */ = {isa = PBXBuildFile; fileRef = 2C03BD8E1F1FD66A00288C8E /* Assets.xcassets */; };
		2C03BD921F1FD66A00288C8E /* LaunchScreen.storyboard in Resources */ = {isa = PBXBuildFile; fileRef = 2C03BD901F1FD66A00288C8E /* LaunchScreen.storyboard */; };
		2C03BD9D1F1FD66A00288C8E /* MoneyManageTests.m in Sources */ = {isa = PBXBuildFile; fileRef = 2C03BD9C1F1FD66A00288C8E /* MoneyManageTests.m */; };
		2C03BDA81F1FD66A00288C8E /* MoneyManageUITests.m in Sources */ = {isa = PBXBuildFile; fileRef = 2C03BDA71F1FD66A00288C8E /* MoneyManageUITests.m */; };
/* End PBXBuildFile section */

/* Begin PBXContainerItemProxy section */
		2C03BD991F1FD66A00288C8E /* PBXContainerItemProxy */ = {
			isa = PBXContainerItemProxy;
			containerPortal = 2C03BD741F1FD66A00288C8E /* Project object */;
			proxyType = 1;
			remoteGlobalIDString = 2C03BD7B1F1FD66A00288C8E;
			remoteInfo = MoneyManage;
		};
		2C03BDA41F1FD66A00288C8E /* PBXContainerItemProxy */ = {
			isa = PBXContainerItemProxy;
			containerPortal = 2C03BD741F1FD66A00288C8E /* Project object */;
			proxyType = 1;
			remoteGlobalIDString = 2C03BD7B1F1FD66A00288C8E;
			remoteInfo = MoneyManage;
		};
/* End PBXContainerItemProxy section */

/* Begin PBXFileReference section */
		2C03BD7C1F1FD66A00288C8E /* MoneyManage.app */ = {isa = PBXFileReference; explicitFileType = wrapper.application; includeInIndex = 0; path = MoneyManage.app; sourceTree = BUILT_PRODUCTS_DIR; };
		2C03BD801F1FD66A00288C8E /* main.m */ = {isa = PBXFileReference; lastKnownFileType = sourcecode.c.objc; path = main.m; sourceTree = "<group>"; };
		2C03BD821F1FD66A00288C8E /* AppDelegate.h */ = {isa = PBXFileReference; lastKnownFileType = sourcecode.c.h; path = AppDelegate.h; sourceTree = "<group>"; };
		2C03BD831F1FD66A00288C8E /* AppDelegate.m */ = {isa = PBXFileReference; lastKnownFileType = sourcecode.c.objc; path = AppDelegate.m; sourceTree = "<group>"; };
		2C03BD851F1FD66A00288C8E /* ViewController.h */ = {isa = PBXFileReference; lastKnownFileType = sourcecode.c.h; path = ViewController.h; sourceTree = "<group>"; };
		2C03BD861F1FD66A00288C8E /* ViewController.m */ = {isa = PBXFileReference; lastKnownFileType = sourcecode.c.objc; path = ViewController.m; sourceTree = "<group>"; };
		2C03BD891F1FD66A00288C8E /* Base */ = {isa = PBXFileReference; lastKnownFileType = file.storyboard; name = Base; path = Base.lproj/Main.storyboard; sourceTree = "<group>"; };
		2C03BD8C1F1FD66A00288C8E /* MoneyManage.xcdatamodel */ = {isa = PBXFileReference; lastKnownFileType = wrapper.xcdatamodel; path = MoneyManage.xcdatamodel; sourceTree = "<group>"; };
		2C03BD8E1F1FD66A00288C8E /* Assets.xcassets */ = {isa = PBXFileReference; lastKnownFileType = folder.assetcatalog; path = Assets.xcassets; sourceTree = "<group>"; };
		2C03BD911F1FD66A00288C8E /* Base */ = {isa = PBXFileReference; lastKnownFileType = file.storyboard; name = Base; path = Base.lproj/LaunchScreen.storyboard; sourceTree = "<group>"; };
		2C03BD931F1FD66A00288C8E /* Info.plist */ = {isa = PBXFileReference; lastKnownFileType = text.plist.xml; path = Info.plist; sourceTree = "<group>"; };
		2C03BD981F1FD66A00288C8E /* MoneyManageTests.xctest */ = {isa = PBXFileReference; explicitFileType = wrapper.cfbundle; includeInIndex = 0; path = MoneyManageTests.xctest; sourceTree = BUILT_PRODUCTS_DIR; };
		2C03BD9C1F1FD66A00288C8E /* MoneyManageTests.m */ = {isa = PBXFileReference; lastKnownFileType = sourcecode.c.objc; path = MoneyManageTests.m; sourceTree = "<group>"; };
		2C03BD9E1F1FD66A00288C8E /* Info.plist */ = {isa = PBXFileReference; lastKnownFileType = text.plist.xml; path = Info.plist; sourceTree = "<group>"; };
		2C03BDA31F1FD66A00288C8E /* MoneyManageUITests.xctest */ = {isa = PBXFileReference; explicitFileType = wrapper.cfbundle; includeInIndex = 0; path = MoneyManageUITests.xctest; sourceTree = BUILT_PRODUCTS_DIR; };
		2C03BDA71F1FD66A00288C8E /* MoneyManageUITests.m */ = {isa = PBXFileReference; lastKnownFileType = sourcecode.c.objc; path = MoneyManageUITests.m; sourceTree = "<group>"; };
		2C03BDA91F1FD66A00288C8E /* Info.plist */ = {isa = PBXFileReference; lastKnownFileType = text.plist.xml; path = Info.plist; sourceTree = "<group>"; };
/* End PBXFileReference section */

/* Begin PBXFrameworksBuildPhase section */
		2C03BD791F1FD66A00288C8E /* Frameworks */ = {
			isa = PBXFrameworksBuildPhase;
			buildActionMask = 2147483647;
			files = (
			);
			runOnlyForDeploymentPostprocessing = 0;
		};
		2C03BD951F1FD66A00288C8E /* Frameworks */ = {
			isa = PBXFrameworksBuildPhase;
			buildActionMask = 2147483647;
			files = (
			);
			runOnlyForDeploymentPostprocessing = 0;
		};
		2C03BDA01F1FD66A00288C8E /* Frameworks */ = {
			isa = PBXFrameworksBuildPhase;
			buildActionMask = 2147483647;
			files = (
			);
			runOnlyForDeploymentPostprocessing = 0;
		};
/* End PBXFrameworksBuildPhase section */

/* Begin PBXGroup section */
		2C03BD731F1FD66A00288C8E = {
			isa = PBXGroup;
			children = (
				2C03BD7E1F1FD66A00288C8E /* MoneyManage */,
				2C03BD9B1F1FD66A00288C8E /* MoneyManageTests */,
				2C03BDA61F1FD66A00288C8E /* MoneyManageUITests */,
				2C03BD7D1F1FD66A00288C8E /* Products */,
			);
			sourceTree = "<group>";
		};
		2C03BD7D1F1FD66A00288C8E /* Products */ = {
			isa = PBXGroup;
			children = (
				2C03BD7C1F1FD66A00288C8E /* MoneyManage.app */,
				2C03BD981F1FD66A00288C8E /* MoneyManageTests.xctest */,
				2C03BDA31F1FD66A00288C8E /* MoneyManageUITests.xctest */,
			);
			name = Products;
			sourceTree = "<group>";
		};
		2C03BD7E1F1FD66A00288C8E /* MoneyManage */ = {
			isa = PBXGroup;
			children = (
				2C03BD821F1FD66A00288C8E /* AppDelegate.h */,
				2C03BD831F1FD66A00288C8E /* AppDelegate.m */,
				2C03BD851F1FD66A00288C8E /* ViewController.h */,
				2C03BD861F1FD66A00288C8E /* ViewController.m */,
				2C03BD881F1FD66A00288C8E /* Main.storyboard */,
				2C03BD8E1F1FD66A00288C8E /* Assets.xcassets */,
				2C03BD901F1FD66A00288C8E /* LaunchScreen.storyboard */,
				2C03BD931F1FD66A00288C8E /* Info.plist */,
				2C03BD8B1F1FD66A00288C8E /* MoneyManage.xcdatamodeld */,
				2C03BD7F1F1FD66A00288C8E /* Supporting Files */,
			);
			path = MoneyManage;
			sourceTree = "<group>";
		};
		2C03BD7F1F1FD66A00288C8E /* Supporting Files */ = {
			isa = PBXGroup;
			children = (
				2C03BD801F1FD66A00288C8E /* main.m */,
			);
			name = "Supporting Files";
			sourceTree = "<group>";
		};
		2C03BD9B1F1FD66A00288C8E /* MoneyManageTests */ = {
			isa = PBXGroup;
			children = (
				2C03BD9C1F1FD66A00288C8E /* MoneyManageTests.m */,
				2C03BD9E1F1FD66A00288C8E /* Info.plist */,
			);
			path = MoneyManageTests;
			sourceTree = "<group>";
		};
		2C03BDA61F1FD66A00288C8E /* MoneyManageUITests */ = {
			isa = PBXGroup;
			children = (
				2C03BDA71F1FD66A00288C8E /* MoneyManageUITests.m */,
				2C03BDA91F1FD66A00288C8E /* Info.plist */,
			);
			path = MoneyManageUITests;
			sourceTree = "<group>";
		};
/* End PBXGroup section */

/* Begin PBXNativeTarget section */
		2C03BD7B1F1FD66A00288C8E /* MoneyManage */ = {
			isa = PBXNativeTarget;
			buildConfigurationList = 2C03BDAC1F1FD66A00288C8E /* Build configuration list for PBXNativeTarget "MoneyManage" */;
			buildPhases = (
				2C03BD781F1FD66A00288C8E /* Sources */,
				2C03BD791F1FD66A00288C8E /* Frameworks */,
				2C03BD7A1F1FD66A00288C8E /* Resources */,
			);
			buildRules = (
			);
			dependencies = (
			);
			name = MoneyManage;
			productName = MoneyManage;
			productReference = 2C03BD7C1F1FD66A00288C8E /* MoneyManage.app */;
			productType = "com.apple.product-type.application";
		};
		2C03BD971F1FD66A00288C8E /* MoneyManageTests */ = {
			isa = PBXNativeTarget;
			buildConfigurationList = 2C03BDAF1F1FD66A00288C8E /* Build configuration list for PBXNativeTarget "MoneyManageTests" */;
			buildPhases = (
				2C03BD941F1FD66A00288C8E /* Sources */,
				2C03BD951F1FD66A00288C8E /* Frameworks */,
				2C03BD961F1FD66A00288C8E /* Resources */,
			);
			buildRules = (
			);
			dependencies = (
				2C03BD9A1F1FD66A00288C8E /* PBXTargetDependency */,
			);
			name = MoneyManageTests;
			productName = MoneyManageTests;
			productReference = 2C03BD981F1FD66A00288C8E /* MoneyManageTests.xctest */;
			productType = "com.apple.product-type.bundle.unit-test";
		};
		2C03BDA21F1FD66A00288C8E /* MoneyManageUITests */ = {
			isa = PBXNativeTarget;
			buildConfigurationList = 2C03BDB21F1FD66A00288C8E /* Build configuration list for PBXNativeTarget "MoneyManageUITests" */;
			buildPhases = (
				2C03BD9F1F1FD66A00288C8E /* Sources */,
				2C03BDA01F1FD66A00288C8E /* Frameworks */,
				2C03BDA11F1FD66A00288C8E /* Resources */,
			);
			buildRules = (
			);
			dependencies = (
				2C03BDA51F1FD66A00288C8E /* PBXTargetDependency */,
			);
			name = MoneyManageUITests;
			productName = MoneyManageUITests;
			productReference = 2C03BDA31F1FD66A00288C8E /* MoneyManageUITests.xctest */;
			productType = "com.apple.product-type.bundle.ui-testing";
		};
/* End PBXNativeTarget section */

/* Begin PBXProject section */
		2C03BD741F1FD66A00288C8E /* Project object */ = {
			isa = PBXProject;
			attributes = {
				LastUpgradeCheck = 0830;
				ORGANIZATIONNAME = Pradeep;
				TargetAttributes = {
					2C03BD7B1F1FD66A00288C8E = {
						CreatedOnToolsVersion = 8.3.3;
						DevelopmentTeam = ZDH8WT2X4D;
						ProvisioningStyle = Automatic;
					};
					2C03BD971F1FD66A00288C8E = {
						CreatedOnToolsVersion = 8.3.3;
						DevelopmentTeam = ZDH8WT2X4D;
						ProvisioningStyle = Automatic;
						TestTargetID = 2C03BD7B1F1FD66A00288C8E;
					};
					2C03BDA21F1FD66A00288C8E = {
						CreatedOnToolsVersion = 8.3.3;
						DevelopmentTeam = ZDH8WT2X4D;
						ProvisioningStyle = Automatic;
						TestTargetID = 2C03BD7B1F1FD66A00288C8E;
					};
				};
			};
			buildConfigurationList = 2C03BD771F1FD66A00288C8E /* Build configuration list for PBXProject "MoneyManage" */;
			compatibilityVersion = "Xcode 3.2";
			developmentRegion = English;
			hasScannedForEncodings = 0;
			knownRegions = (
				en,
				Base,
			);
			mainGroup = 2C03BD731F1FD66A00288C8E;
			productRefGroup = 2C03BD7D1F1FD66A00288C8E /* Products */;
			projectDirPath = "";
			projectRoot = "";
			targets = (
				2C03BD7B1F1FD66A00288C8E /* MoneyManage */,
				2C03BD971F1FD66A00288C8E /* MoneyManageTests */,
				2C03BDA21F1FD66A00288C8E /* MoneyManageUITests */,
			);
		};
/* End PBXProject section */

/* Begin PBXResourcesBuildPhase section */
		2C03BD7A1F1FD66A00288C8E /* Resources */ = {
			isa = PBXResourcesBuildPhase;
			buildActionMask = 2147483647;
			files = (
				2C03BD921F1FD66A00288C8E /* LaunchScreen.storyboard in Resources */,
				2C03BD8F1F1FD66A00288C8E /* Assets.xcassets in Resources */,
				2C03BD8A1F1FD66A00288C8E /* Main.storyboard in Resources */,
			);
			runOnlyForDeploymentPostprocessing = 0;
		};
		2C03BD961F1FD66A00288C8E /* Resources */ = {
			isa = PBXResourcesBuildPhase;
			buildActionMask = 2147483647;
			files = (
			);
			runOnlyForDeploymentPostprocessing = 0;
		};
		2C03BDA11F1FD66A00288C8E /* Resources */ = {
			isa = PBXResourcesBuildPhase;
			buildActionMask = 2147483647;
			files = (
			);
			runOnlyForDeploymentPostprocessing = 0;
		};
/* End PBXResourcesBuildPhase section */

/* Begin PBXSourcesBuildPhase section */
		2C03BD781F1FD66A00288C8E /* Sources */ = {
			isa = PBXSourcesBuildPhase;
			buildActionMask = 2147483647;
			files = (
				2C03BD871F1FD66A00288C8E /* ViewController.m in Sources */,
				2C03BD8D1F1FD66A00288C8E /* MoneyManage.xcdatamodeld in Sources */,
				2C03BD841F1FD66A00288C8E /* AppDelegate.m in Sources */,
				2C03BD811F1FD66A00288C8E /* main.m in Sources */,
			);
			runOnlyForDeploymentPostprocessing = 0;
		};
		2C03BD941F1FD66A00288C8E /* Sources */ = {
			isa = PBXSourcesBuildPhase;
			buildActionMask = 2147483647;
			files = (
				2C03BD9D1F1FD66A00288C8E /* MoneyManageTests.m in Sources */,
			);
			runOnlyForDeploymentPostprocessing = 0;
		};
		2C03BD9F1F1FD66A00288C8E /* Sources */ = {
			isa = PBXSourcesBuildPhase;
			buildActionMask = 2147483647;
			files = (
				2C03BDA81F1FD66A00288C8E /* MoneyManageUITests.m in Sources */,
			);
			runOnlyForDeploymentPostprocessing = 0;
		};
/* End PBXSourcesBuildPhase section */

/* Begin PBXTargetDependency section */
		2C03BD9A1F1FD66A00288C8E /* PBXTargetDependency */ = {
			isa = PBXTargetDependency;
			target = 2C03BD7B1F1FD66A00288C8E /* MoneyManage */;
			targetProxy = 2C03BD991F1FD66A00288C8E /* PBXContainerItemProxy */;
		};
		2C03BDA51F1FD66A00288C8E /* PBXTargetDependency */ = {
			isa = PBXTargetDependency;
			target = 2C03BD7B1F1FD66A00288C8E /* MoneyManage */;
			targetProxy = 2C03BDA41F1FD66A00288C8E /* PBXContainerItemProxy */;
		};
/* End PBXTargetDependency section */

/* Begin PBXVariantGroup section */
		2C03BD881F1FD66A00288C8E /* Main.storyboard */ = {
			isa = PBXVariantGroup;
			children = (
				2C03BD891F1FD66A00288C8E /* Base */,
			);
			name = Main.storyboard;
			sourceTree = "<group>";
		};
		2C03BD901F1FD66A00288C8E /* LaunchScreen.storyboard */ = {
			isa = PBXVariantGroup;
			children = (
				2C03BD911F1FD66A00288C8E /* Base */,
			);
			name = LaunchScreen.storyboard;
			sourceTree = "<group>";
		};
/* End PBXVariantGroup section */

/* Begin XCBuildConfiguration section */
		2C03BDAA1F1FD66A00288C8E /* Debug */ = {
			isa = XCBuildConfiguration;
			buildSettings = {
				ALWAYS_SEARCH_USER_PATHS = NO;
				CLANG_ANALYZER_NONNULL = YES;
				CLANG_ANALYZER_NUMBER_OBJECT_CONVERSION = YES_AGGRESSIVE;
				CLANG_CXX_LANGUAGE_STANDARD = "gnu++0x";
				CLANG_CXX_LIBRARY = "libc++";
				CLANG_ENABLE_MODULES = YES;
				CLANG_ENABLE_OBJC_ARC = YES;
				CLANG_WARN_BOOL_CONVERSION = YES;
				CLANG_WARN_CONSTANT_CONVERSION = YES;
				CLANG_WARN_DIRECT_OBJC_ISA_USAGE = YES_ERROR;
				CLANG_WARN_DOCUMENTATION_COMMENTS = YES;
				CLANG_WARN_EMPTY_BODY = YES;
				CLANG_WARN_ENUM_CONVERSION = YES;
				CLANG_WARN_INFINITE_RECURSION = YES;
				CLANG_WARN_INT_CONVERSION = YES;
				CLANG_WARN_OBJC_ROOT_CLASS = YES_ERROR;
				CLANG_WARN_SUSPICIOUS_MOVE = YES;
				CLANG_WARN_UNREACHABLE_CODE = YES;
				CLANG_WARN__DUPLICATE_METHOD_MATCH = YES;
				"CODE_SIGN_IDENTITY[sdk=iphoneos*]" = "iPhone Developer";
				COPY_PHASE_STRIP = NO;
				DEBUG_INFORMATION_FORMAT = dwarf;
				ENABLE_STRICT_OBJC_MSGSEND = YES;
				ENABLE_TESTABILITY = YES;
				GCC_C_LANGUAGE_STANDARD = gnu99;
				GCC_DYNAMIC_NO_PIC = NO;
				GCC_NO_COMMON_BLOCKS = YES;
				GCC_OPTIMIZATION_LEVEL = 0;
				GCC_PREPROCESSOR_DEFINITIONS = (
					"DEBUG=1",
					"$(inherited)",
				);
				GCC_WARN_64_TO_32_BIT_CONVERSION = YES;
				GCC_WARN_ABOUT_RETURN_TYPE = YES_ERROR;
				GCC_WARN_UNDECLARED_SELECTOR = YES;
				GCC_WARN_UNINITIALIZED_AUTOS = YES_AGGRESSIVE;
				GCC_WARN_UNUSED_FUNCTION = YES;
				GCC_WARN_UNUSED_VARIABLE = YES;
				IPHONEOS_DEPLOYMENT_TARGET = 10.3;
				MTL_ENABLE_DEBUG_INFO = YES;
				ONLY_ACTIVE_ARCH = YES;
				SDKROOT = iphoneos;
				TARGETED_DEVICE_FAMILY = "1,2";
			};
			name = Debug;
		};
		2C03BDAB1F1FD66A00288C8E /* Release */ = {
			isa = XCBuildConfiguration;
			buildSettings = {
				ALWAYS_SEARCH_USER_PATHS = NO;
				CLANG_ANALYZER_NONNULL = YES;
				CLANG_ANALYZER_NUMBER_OBJECT_CONVERSION = YES_AGGRESSIVE;
				CLANG_CXX_LANGUAGE_STANDARD = "gnu++0x";
				CLANG_CXX_LIBRARY = "libc++";
				CLANG_ENABLE_MODULES = YES;
				CLANG_ENABLE_OBJC_ARC = YES;
				CLANG_WARN_BOOL_CONVERSION = YES;
				CLANG_WARN_CONSTANT_CONVERSION = YES;
				CLANG_WARN_DIRECT_OBJC_ISA_USAGE = YES_ERROR;
				CLANG_WARN_DOCUMENTATION_COMMENTS = YES;
				CLANG_WARN_EMPTY_BODY = YES;
				CLANG_WARN_ENUM_CONVERSION = YES;
				CLANG_WARN_INFINITE_RECURSION = YES;
				CLANG_WARN_INT_CONVERSION = YES;
				CLANG_WARN_OBJC_ROOT_CLASS = YES_ERROR;
				CLANG_WARN_SUSPICIOUS_MOVE = YES;
				CLANG_WARN_UNREACHABLE_CODE = YES;
				CLANG_WARN__DUPLICATE_METHOD_MATCH = YES;
				"CODE_SIGN_IDENTITY[sdk=iphoneos*]" = "iPhone Developer";
				COPY_PHASE_STRIP = NO;
				DEBUG_INFORMATION_FORMAT = "dwarf-with-dsym";
				ENABLE_NS_ASSERTIONS = NO;
				ENABLE_STRICT_OBJC_MSGSEND = YES;
				GCC_C_LANGUAGE_STANDARD = gnu99;
				GCC_NO_COMMON_BLOCKS = YES;
				GCC_WARN_64_TO_32_BIT_CONVERSION = YES;
				GCC_WARN_ABOUT_RETURN_TYPE = YES_ERROR;
				GCC_WARN_UNDECLARED_SELECTOR = YES;
				GCC_WARN_UNINITIALIZED_AUTOS = YES_AGGRESSIVE;
				GCC_WARN_UNUSED_FUNCTION = YES;
				GCC_WARN_UNUSED_VARIABLE = YES;
				IPHONEOS_DEPLOYMENT_TARGET = 10.3;
				MTL_ENABLE_DEBUG_INFO = NO;
				SDKROOT = iphoneos;
				TARGETED_DEVICE_FAMILY = "1,2";
				VALIDATE_PRODUCT = YES;
			};
			name = Release;
		};
		2C03BDAD1F1FD66A00288C8E /* Debug */ = {
			isa = XCBuildConfiguration;
			buildSettings = {
				ASSETCATALOG_COMPILER_APPICON_NAME = AppIcon;
				DEVELOPMENT_TEAM = ZDH8WT2X4D;
				INFOPLIST_FILE = MoneyManage/Info.plist;
				LD_RUNPATH_SEARCH_PATHS = "$(inherited) @executable_path/Frameworks";
				PRODUCT_BUNDLE_IDENTIFIER = com.pradeep.MoneyManage;
				PRODUCT_NAME = "$(TARGET_NAME)";
			};
			name = Debug;
		};
		2C03BDAE1F1FD66A00288C8E /* Release */ = {
			isa = XCBuildConfiguration;
			buildSettings = {
				ASSETCATALOG_COMPILER_APPICON_NAME = AppIcon;
				DEVELOPMENT_TEAM = ZDH8WT2X4D;
				INFOPLIST_FILE = MoneyManage/Info.plist;
				LD_RUNPATH_SEARCH_PATHS = "$(inherited) @executable_path/Frameworks";
				PRODUCT_BUNDLE_IDENTIFIER = com.pradeep.MoneyManage;
				PRODUCT_NAME = "$(TARGET_NAME)";
			};
			name = Release;
		};
		2C03BDB01F1FD66A00288C8E /* Debug */ = {
			isa = XCBuildConfiguration;
			buildSettings = {
				BUNDLE_LOADER = "$(TEST_HOST)";
				DEVELOPMENT_TEAM = ZDH8WT2X4D;
				INFOPLIST_FILE = MoneyManageTests/Info.plist;
				LD_RUNPATH_SEARCH_PATHS = "$(inherited) @executable_path/Frameworks @loader_path/Frameworks";
				PRODUCT_BUNDLE_IDENTIFIER = com.pradeep.MoneyManageTests;
				PRODUCT_NAME = "$(TARGET_NAME)";
				TEST_HOST = "$(BUILT_PRODUCTS_DIR)/MoneyManage.app/MoneyManage";
			};
			name = Debug;
		};
		2C03BDB11F1FD66A00288C8E /* Release */ = {
			isa = XCBuildConfiguration;
			buildSettings = {
				BUNDLE_LOADER = "$(TEST_HOST)";
				DEVELOPMENT_TEAM = ZDH8WT2X4D;
				INFOPLIST_FILE = MoneyManageTests/Info.plist;
				LD_RUNPATH_SEARCH_PATHS = "$(inherited) @executable_path/Frameworks @loader_path/Frameworks";
				PRODUCT_BUNDLE_IDENTIFIER = com.pradeep.MoneyManageTests;
				PRODUCT_NAME = "$(TARGET_NAME)";
				TEST_HOST = "$(BUILT_PRODUCTS_DIR)/MoneyManage.app/MoneyManage";
			};
			name = Release;
		};
		2C03BDB31F1FD66A00288C8E /* Debug */ = {
			isa = XCBuildConfiguration;
			buildSettings = {
				DEVELOPMENT_TEAM = ZDH8WT2X4D;
				INFOPLIST_FILE = MoneyManageUITests/Info.plist;
				LD_RUNPATH_SEARCH_PATHS = "$(inherited) @executable_path/Frameworks @loader_path/Frameworks";
				PRODUCT_BUNDLE_IDENTIFIER = com.pradeep.MoneyManageUITests;
				PRODUCT_NAME = "$(TARGET_NAME)";
				TEST_TARGET_NAME = MoneyManage;
			};
			name = Debug;
		};
		2C03BDB41F1FD66A00288C8E /* Release */ = {
			isa = XCBuildConfiguration;
			buildSettings = {
				DEVELOPMENT_TEAM = ZDH8WT2X4D;
				INFOPLIST_FILE = MoneyManageUITests/Info.plist;
				LD_RUNPATH_SEARCH_PATHS = "$(inherited) @executable_path/Frameworks @loader_path/Frameworks";
				PRODUCT_BUNDLE_IDENTIFIER = com.pradeep.MoneyManageUITests;
				PRODUCT_NAME = "$(TARGET_NAME)";
				TEST_TARGET_NAME = MoneyManage;
			};
			name = Release;
		};
/* End XCBuildConfiguration section */

/* Begin XCConfigurationList section */
		2C03BD771F1FD66A00288C8E /* Build configuration list for PBXProject "MoneyManage" */ = {
			isa = XCConfigurationList;
			buildConfigurations = (
				2C03BDAA1F1FD66A00288C8E /* Debug */,
				2C03BDAB1F1FD66A00288C8E /* Release */,
			);
			defaultConfigurationIsVisible = 0;
			defaultConfigurationName = Release;
		};
		2C03BDAC1F1FD66A00288C8E /* Build configuration list for PBXNativeTarget "MoneyManage" */ = {
			isa = XCConfigurationList;
			buildConfigurations = (
				2C03BDAD1F1FD66A00288C8E /* Debug */,
				2C03BDAE1F1FD66A00288C8E /* Release */,
			);
			defaultConfigurationIsVisible = 0;
		};
		2C03BDAF1F1FD66A00288C8E /* Build configuration list for PBXNativeTarget "MoneyManageTests" */ = {
			isa = XCConfigurationList;
			buildConfigurations = (
				2C03BDB01F1FD66A00288C8E /* Debug */,
				2C03BDB11F1FD66A00288C8E /* Release */,
			);
			defaultConfigurationIsVisible = 0;
		};
		2C03BDB21F1FD66A00288C8E /* Build configuration list for PBXNativeTarget "MoneyManageUITests" */ = {
			isa = XCConfigurationList;
			buildConfigurations = (
				2C03BDB31F1FD66A00288C8E /* Debug */,
				2C03BDB41F1FD66A00288C8E /* Release */,
			);
			defaultConfigurationIsVisible = 0;
		};
/* End XCConfigurationList section */

/* Begin XCVersionGroup section */
		2C03BD8B1F1FD66A00288C8E /* MoneyManage.xcdatamodeld */ = {
			isa = XCVersionGroup;
			children = (
				2C03BD8C1F1FD66A00288C8E /* MoneyManage.xcdatamodel */,
			);
			currentVersion = 2C03BD8C1F1FD66A00288C8E /* MoneyManage.xcdatamodel */;
			path = MoneyManage.xcdatamodeld;
			sourceTree = "<group>";
			versionGroupType = wrapper.xcdatamodel;
		};
/* End XCVersionGroup section */
	};
	rootObject = 2C03BD741F1FD66A00288C8E /* Project object */;
}
